
Microsoft Visual Studio Solution File, Format Version 12.00
# Visual Studio Version 16
VisualStudioVersion = 16.0.31313.79
MinimumVisualStudioVersion = 10.0.40219.1
Project("{9A19103F-16F7-4668-BE54-9A1E7A4F7556}") = "Gnoss.BackgroundTask.SubscriptionsMail", "Gnoss.BackgroundTask.SubscriptionsMail\Gnoss.BackgroundTask.SubscriptionsMail.csproj", "{377BB9C5-C79D-4C0A-97DA-6BE2CE896A74}"
EndProject
Project("{9A19103F-16F7-4668-BE54-9A1E7A4F7556}") = "Es.Riam.Gnoss.AD", "..\Gnoss.Commons\Es.Riam.Gnoss.AD\Es.Riam.Gnoss.AD.csproj", "{BE42828E-CFD5-491B-9076-93E09185873A}"
EndProject
Project("{9A19103F-16F7-4668-BE54-9A1E7A4F7556}") = "Es.Riam.Gnoss.CL", "..\Gnoss.Commons\Es.Riam.Gnoss.CL\Es.Riam.Gnoss.CL.csproj", "{3FC6DD1F-8755-449F-A847-57557FF031B0}"
EndProject
Project("{9A19103F-16F7-4668-BE54-9A1E7A4F7556}") = "Es.Riam.Gnoss.Elementos", "..\Gnoss.Commons\Es.Riam.Gnoss.Elementos\Es.Riam.Gnoss.Elementos.csproj", "{DD7E7C7C-11B0-4CE1-A0F1-05C349B5E1BE}"
EndProject
Project("{9A19103F-16F7-4668-BE54-9A1E7A4F7556}") = "Es.Riam.Gnoss.ExportarImportar", "..\Gnoss.Commons\Es.Riam.Gnoss.ExportarImportar\Es.Riam.Gnoss.ExportarImportar.csproj", "{29770307-6CA5-48D0-9EEA-D0182062D70F}"
EndProject
Project("{9A19103F-16F7-4668-BE54-9A1E7A4F7556}") = "Es.Riam.Gnoss.Logica", "..\Gnoss.Commons\Es.Riam.Gnoss.Logica\Es.Riam.Gnoss.Logica.csproj", "{2AFA12C7-C8BD-44B8-9390-30BDA5AD07ED}"
EndProject
Project("{9A19103F-16F7-4668-BE54-9A1E7A4F7556}") = "Es.Riam.Gnoss.Recursos", "..\Gnoss.Commons\Es.Riam.Gnoss.Recursos\Es.Riam.Gnoss.Recursos.csproj", "{9388EB26-7AE2-4288-B18E-EFB53CC043BA}"
EndProject
Project("{9A19103F-16F7-4668-BE54-9A1E7A4F7556}") = "Es.Riam.Gnoss.RedesSociales", "..\Gnoss.Commons\Es.Riam.Gnoss.RedesSociales\Es.Riam.Gnoss.RedesSociales.csproj", "{FDE69D4C-F294-4F0F-BEAC-577974A54674}"
EndProject
Project("{9A19103F-16F7-4668-BE54-9A1E7A4F7556}") = "Es.Riam.Gnoss.Servicios", "..\Gnoss.Commons\Es.Riam.Gnoss.Servicios\Es.Riam.Gnoss.Servicios.csproj", "{1B2187A6-3941-4294-9A30-6B71A8FB1F2B}"
EndProject
Project("{9A19103F-16F7-4668-BE54-9A1E7A4F7556}") = "Es.Riam.Gnoss.Util", "..\Gnoss.Commons\Es.Riam.Gnoss.Util\Es.Riam.Gnoss.Util.csproj", "{DE11D413-9861-483E-96A8-948D808C9032}"
EndProject
Project("{9A19103F-16F7-4668-BE54-9A1E7A4F7556}") = "Es.Riam.Gnoss.UtilServiciosWeb", "..\Gnoss.Commons\Es.Riam.Gnoss.UtilServiciosWeb\Es.Riam.Gnoss.UtilServiciosWeb.csproj", "{51B757CC-6F14-492E-A106-1BD99DFDC2BA}"
EndProject
Project("{9A19103F-16F7-4668-BE54-9A1E7A4F7556}") = "Es.Riam.Gnoss.Web.Controles", "..\Gnoss.Commons\Es.Riam.Gnoss.Web.Controles\Es.Riam.Gnoss.Web.Controles.csproj", "{7591F458-A224-492A-96ED-7341515DC1E8}"
EndProject
Project("{9A19103F-16F7-4668-BE54-9A1E7A4F7556}") = "Es.Riam.Gnoss.Web.MVC.Models", "..\Gnoss.Commons\Es.Riam.Gnoss.Web.MVC.Models\Es.Riam.Gnoss.Web.MVC.Models.csproj", "{525E678C-CB7F-4E7B-BD50-F5BAB3E5E1FC}"
EndProject
Project("{9A19103F-16F7-4668-BE54-9A1E7A4F7556}") = "Es.Riam.Interfaces", "..\Gnoss.Commons\Es.Riam.Interfaces\Es.Riam.Interfaces.csproj", "{C0FE3B3E-60DB-4C5D-B920-8928CC33DA0D}"
EndProject
Project("{9A19103F-16F7-4668-BE54-9A1E7A4F7556}") = "Es.Riam.Semantica", "..\Gnoss.Commons\Es.Riam.Semantica\Es.Riam.Semantica.csproj", "{7F1A251F-7625-4EF1-AF30-EEACBFBD35C7}"
EndProject
Project("{9A19103F-16F7-4668-BE54-9A1E7A4F7556}") = "Es.Riam.Util", "..\Gnoss.Commons\Es.Riam.Util\Es.Riam.Util.csproj", "{725863B7-0FDB-421E-8812-81E921FE8DE5}"
EndProject
Project("{9A19103F-16F7-4668-BE54-9A1E7A4F7556}") = "Es.Riam.Web.Util", "..\Gnoss.Commons\Es.Riam.Web.Util\Es.Riam.Web.Util.csproj", "{3832F2F5-38E7-41F5-AE30-39A646CF9F3F}"
EndProject
Project("{9A19103F-16F7-4668-BE54-9A1E7A4F7556}") = "Es.Riam.AbstractsOpen", "..\Gnoss.Commons\Es.Riam.AbstractsOpen\Es.Riam.AbstractsOpen.csproj", "{FCAACB44-C54A-4E9F-A2D7-C50E79AE1E85}"
EndProject
Project("{9A19103F-16F7-4668-BE54-9A1E7A4F7556}") = "Es.Riam.EnterpriseReplication", "..\Gnoss.Commons\Es.Riam.EnterpriseReplication\Es.Riam.EnterpriseReplication.csproj", "{CBF15E19-7EC4-409A-A6BA-951C95E67443}"
EndProject
Global
	GlobalSection(SolutionConfigurationPlatforms) = preSolution
		Debug|Any CPU = Debug|Any CPU
		Release|Any CPU = Release|Any CPU
	EndGlobalSection
	GlobalSection(ProjectConfigurationPlatforms) = postSolution
		{377BB9C5-C79D-4C0A-97DA-6BE2CE896A74}.Debug|Any CPU.ActiveCfg = Debug|Any CPU
		{377BB9C5-C79D-4C0A-97DA-6BE2CE896A74}.Debug|Any CPU.Build.0 = Debug|Any CPU
		{377BB9C5-C79D-4C0A-97DA-6BE2CE896A74}.Release|Any CPU.ActiveCfg = Release|Any CPU
		{377BB9C5-C79D-4C0A-97DA-6BE2CE896A74}.Release|Any CPU.Build.0 = Release|Any CPU
		{BE42828E-CFD5-491B-9076-93E09185873A}.Debug|Any CPU.ActiveCfg = Debug|Any CPU
		{BE42828E-CFD5-491B-9076-93E09185873A}.Debug|Any CPU.Build.0 = Debug|Any CPU
		{BE42828E-CFD5-491B-9076-93E09185873A}.Release|Any CPU.ActiveCfg = Release|Any CPU
		{BE42828E-CFD5-491B-9076-93E09185873A}.Release|Any CPU.Build.0 = Release|Any CPU
		{3FC6DD1F-8755-449F-A847-57557FF031B0}.Debug|Any CPU.ActiveCfg = Debug|Any CPU
		{3FC6DD1F-8755-449F-A847-57557FF031B0}.Debug|Any CPU.Build.0 = Debug|Any CPU
		{3FC6DD1F-8755-449F-A847-57557FF031B0}.Release|Any CPU.ActiveCfg = Release|Any CPU
		{3FC6DD1F-8755-449F-A847-57557FF031B0}.Release|Any CPU.Build.0 = Release|Any CPU
		{DD7E7C7C-11B0-4CE1-A0F1-05C349B5E1BE}.Debug|Any CPU.ActiveCfg = Debug|Any CPU
		{DD7E7C7C-11B0-4CE1-A0F1-05C349B5E1BE}.Debug|Any CPU.Build.0 = Debug|Any CPU
		{DD7E7C7C-11B0-4CE1-A0F1-05C349B5E1BE}.Release|Any CPU.ActiveCfg = Release|Any CPU
		{DD7E7C7C-11B0-4CE1-A0F1-05C349B5E1BE}.Release|Any CPU.Build.0 = Release|Any CPU
		{29770307-6CA5-48D0-9EEA-D0182062D70F}.Debug|Any CPU.ActiveCfg = Debug|Any CPU
		{29770307-6CA5-48D0-9EEA-D0182062D70F}.Debug|Any CPU.Build.0 = Debug|Any CPU
		{29770307-6CA5-48D0-9EEA-D0182062D70F}.Release|Any CPU.ActiveCfg = Release|Any CPU
		{29770307-6CA5-48D0-9EEA-D0182062D70F}.Release|Any CPU.Build.0 = Release|Any CPU
		{2AFA12C7-C8BD-44B8-9390-30BDA5AD07ED}.Debug|Any CPU.ActiveCfg = Debug|Any CPU
		{2AFA12C7-C8BD-44B8-9390-30BDA5AD07ED}.Debug|Any CPU.Build.0 = Debug|Any CPU
		{2AFA12C7-C8BD-44B8-9390-30BDA5AD07ED}.Release|Any CPU.ActiveCfg = Release|Any CPU
		{2AFA12C7-C8BD-44B8-9390-30BDA5AD07ED}.Release|Any CPU.Build.0 = Release|Any CPU
		{9388EB26-7AE2-4288-B18E-EFB53CC043BA}.Debug|Any CPU.ActiveCfg = Debug|Any CPU
		{9388EB26-7AE2-4288-B18E-EFB53CC043BA}.Debug|Any CPU.Build.0 = Debug|Any CPU
		{9388EB26-7AE2-4288-B18E-EFB53CC043BA}.Release|Any CPU.ActiveCfg = Release|Any CPU
		{9388EB26-7AE2-4288-B18E-EFB53CC043BA}.Release|Any CPU.Build.0 = Release|Any CPU
		{FDE69D4C-F294-4F0F-BEAC-577974A54674}.Debug|Any CPU.ActiveCfg = Debug|Any CPU
		{FDE69D4C-F294-4F0F-BEAC-577974A54674}.Debug|Any CPU.Build.0 = Debug|Any CPU
		{FDE69D4C-F294-4F0F-BEAC-577974A54674}.Release|Any CPU.ActiveCfg = Release|Any CPU
		{FDE69D4C-F294-4F0F-BEAC-577974A54674}.Release|Any CPU.Build.0 = Release|Any CPU
		{1B2187A6-3941-4294-9A30-6B71A8FB1F2B}.Debug|Any CPU.ActiveCfg = Debug|Any CPU
		{1B2187A6-3941-4294-9A30-6B71A8FB1F2B}.Debug|Any CPU.Build.0 = Debug|Any CPU
		{1B2187A6-3941-4294-9A30-6B71A8FB1F2B}.Release|Any CPU.ActiveCfg = Release|Any CPU
		{1B2187A6-3941-4294-9A30-6B71A8FB1F2B}.Release|Any CPU.Build.0 = Release|Any CPU
		{DE11D413-9861-483E-96A8-948D808C9032}.Debug|Any CPU.ActiveCfg = Debug|Any CPU
		{DE11D413-9861-483E-96A8-948D808C9032}.Debug|Any CPU.Build.0 = Debug|Any CPU
		{DE11D413-9861-483E-96A8-948D808C9032}.Release|Any CPU.ActiveCfg = Release|Any CPU
		{DE11D413-9861-483E-96A8-948D808C9032}.Release|Any CPU.Build.0 = Release|Any CPU
		{51B757CC-6F14-492E-A106-1BD99DFDC2BA}.Debug|Any CPU.ActiveCfg = Debug|Any CPU
		{51B757CC-6F14-492E-A106-1BD99DFDC2BA}.Debug|Any CPU.Build.0 = Debug|Any CPU
		{51B757CC-6F14-492E-A106-1BD99DFDC2BA}.Release|Any CPU.ActiveCfg = Release|Any CPU
		{51B757CC-6F14-492E-A106-1BD99DFDC2BA}.Release|Any CPU.Build.0 = Release|Any CPU
		{7591F458-A224-492A-96ED-7341515DC1E8}.Debug|Any CPU.ActiveCfg = Debug|Any CPU
		{7591F458-A224-492A-96ED-7341515DC1E8}.Debug|Any CPU.Build.0 = Debug|Any CPU
		{7591F458-A224-492A-96ED-7341515DC1E8}.Release|Any CPU.ActiveCfg = Release|Any CPU
		{7591F458-A224-492A-96ED-7341515DC1E8}.Release|Any CPU.Build.0 = Release|Any CPU
		{525E678C-CB7F-4E7B-BD50-F5BAB3E5E1FC}.Debug|Any CPU.ActiveCfg = Debug|Any CPU
		{525E678C-CB7F-4E7B-BD50-F5BAB3E5E1FC}.Debug|Any CPU.Build.0 = Debug|Any CPU
		{525E678C-CB7F-4E7B-BD50-F5BAB3E5E1FC}.Release|Any CPU.ActiveCfg = Release|Any CPU
		{525E678C-CB7F-4E7B-BD50-F5BAB3E5E1FC}.Release|Any CPU.Build.0 = Release|Any CPU
		{C0FE3B3E-60DB-4C5D-B920-8928CC33DA0D}.Debug|Any CPU.ActiveCfg = Debug|Any CPU
		{C0FE3B3E-60DB-4C5D-B920-8928CC33DA0D}.Debug|Any CPU.Build.0 = Debug|Any CPU
		{C0FE3B3E-60DB-4C5D-B920-8928CC33DA0D}.Release|Any CPU.ActiveCfg = Release|Any CPU
		{C0FE3B3E-60DB-4C5D-B920-8928CC33DA0D}.Release|Any CPU.Build.0 = Release|Any CPU
		{7F1A251F-7625-4EF1-AF30-EEACBFBD35C7}.Debug|Any CPU.ActiveCfg = Debug|Any CPU
		{7F1A251F-7625-4EF1-AF30-EEACBFBD35C7}.Debug|Any CPU.Build.0 = Debug|Any CPU
		{7F1A251F-7625-4EF1-AF30-EEACBFBD35C7}.Release|Any CPU.ActiveCfg = Release|Any CPU
		{7F1A251F-7625-4EF1-AF30-EEACBFBD35C7}.Release|Any CPU.Build.0 = Release|Any CPU
		{725863B7-0FDB-421E-8812-81E921FE8DE5}.Debug|Any CPU.ActiveCfg = Debug|Any CPU
		{725863B7-0FDB-421E-8812-81E921FE8DE5}.Debug|Any CPU.Build.0 = Debug|Any CPU
		{725863B7-0FDB-421E-8812-81E921FE8DE5}.Release|Any CPU.ActiveCfg = Release|Any CPU
		{725863B7-0FDB-421E-8812-81E921FE8DE5}.Release|Any CPU.Build.0 = Release|Any CPU
		{3832F2F5-38E7-41F5-AE30-39A646CF9F3F}.Debug|Any CPU.ActiveCfg = Debug|Any CPU
		{3832F2F5-38E7-41F5-AE30-39A646CF9F3F}.Debug|Any CPU.Build.0 = Debug|Any CPU
		{3832F2F5-38E7-41F5-AE30-39A646CF9F3F}.Release|Any CPU.ActiveCfg = Release|Any CPU
		{3832F2F5-38E7-41F5-AE30-39A646CF9F3F}.Release|Any CPU.Build.0 = Release|Any CPU
		{FCAACB44-C54A-4E9F-A2D7-C50E79AE1E85}.Debug|Any CPU.ActiveCfg = Debug|Any CPU
		{FCAACB44-C54A-4E9F-A2D7-C50E79AE1E85}.Debug|Any CPU.Build.0 = Debug|Any CPU
		{FCAACB44-C54A-4E9F-A2D7-C50E79AE1E85}.Release|Any CPU.ActiveCfg = Release|Any CPU
		{FCAACB44-C54A-4E9F-A2D7-C50E79AE1E85}.Release|Any CPU.Build.0 = Release|Any CPU
		{CBF15E19-7EC4-409A-A6BA-951C95E67443}.Debug|Any CPU.ActiveCfg = Debug|Any CPU
		{CBF15E19-7EC4-409A-A6BA-951C95E67443}.Debug|Any CPU.Build.0 = Debug|Any CPU
		{CBF15E19-7EC4-409A-A6BA-951C95E67443}.Release|Any CPU.ActiveCfg = Release|Any CPU
		{CBF15E19-7EC4-409A-A6BA-951C95E67443}.Release|Any CPU.Build.0 = Release|Any CPU
	EndGlobalSection
	GlobalSection(SolutionProperties) = preSolution
		HideSolutionNode = FALSE
	EndGlobalSection
	GlobalSection(ExtensibilityGlobals) = postSolution
		SolutionGuid = {89FD7ED6-E31E-4DEC-8BA2-4FAE7D7F6D75}
	EndGlobalSection
EndGlobal
